
Microsoft Visual Studio Solution File, Format Version 12.00
# Visual Studio 15
VisualStudioVersion = 15.0.28307.1340
MinimumVisualStudioVersion = 10.0.40219.1
Project("{FAE04EC0-301F-11D3-BF4B-00C04F79EFBC}") = "Ejercicio 1", "Ejercicio 1\Ejercicio 1.csproj", "{DCA81C8F-A289-4D74-83B2-10E95B431385}"
EndProject
Global
	GlobalSection(SolutionConfigurationPlatforms) = preSolution
		Debug|Any CPU = Debug|Any CPU
		Release|Any CPU = Release|Any CPU
	EndGlobalSection
	GlobalSection(ProjectConfigurationPlatforms) = postSolution
		{DCA81C8F-A289-4D74-83B2-10E95B431385}.Debug|Any CPU.ActiveCfg = Debug|Any CPU
		{DCA81C8F-A289-4D74-83B2-10E95B431385}.Debug|Any CPU.Build.0 = Debug|Any CPU
		{DCA81C8F-A289-4D74-83B2-10E95B431385}.Release|Any CPU.ActiveCfg = Release|Any CPU
		{DCA81C8F-A289-4D74-83B2-10E95B431385}.Release|Any CPU.Build.0 = Release|Any CPU
	EndGlobalSection
	GlobalSection(SolutionProperties) = preSolution
		HideSolutionNode = FALSE
	EndGlobalSection
	GlobalSection(ExtensibilityGlobals) = postSolution
		SolutionGuid = {7C4F8C5C-43E7-41F1-A593-A5C8C9EA240E}
	EndGlobalSection
EndGlobal
